
Microsoft Visual Studio Solution File, Format Version 12.00
# Visual Studio Version 16
VisualStudioVersion = 16.0.29806.167
MinimumVisualStudioVersion = 10.0.40219.1
Project("{FAE04EC0-301F-11D3-BF4B-00C04F79EFBC}") = "AsteroidGame", "AsteroidGame\AsteroidGame.csproj", "{ECBA4BFE-D4D1-44D9-AD09-438E445D14D4}"
EndProject
Project("{2150E333-8FDC-42A3-9474-1A3956D46DE8}") = "Tests", "Tests", "{2D6D5EFD-E6A9-4367-BA58-F9FA15DCCF64}"
EndProject
Project("{FAE04EC0-301F-11D3-BF4B-00C04F79EFBC}") = "TestConsole", "TestConsole\TestConsole.csproj", "{88D845EE-3A32-4FD9-A5D6-F3A39F06584A}"
EndProject
Project("{FAE04EC0-301F-11D3-BF4B-00C04F79EFBC}") = "Workers", "Workers\Workers.csproj", "{69DFEAA6-3DE9-4B6E-80C6-6990F441B405}"
EndProject
Project("{FAE04EC0-301F-11D3-BF4B-00C04F79EFBC}") = "Students", "Students\Students.csproj", "{EA45B3D7-D741-481D-8A43-1B61BAB509A8}"
EndProject
Project("{FAE04EC0-301F-11D3-BF4B-00C04F79EFBC}") = "Collections", "Collections\Collections.csproj", "{A105F105-5615-4370-99FA-E66E8DFC35D6}"
EndProject
Project("{FAE04EC0-301F-11D3-BF4B-00C04F79EFBC}") = "HelloWPF", "HelloWPF\HelloWPF.csproj", "{32D708E6-3D41-4C4A-9BC5-507C19E48D25}"
EndProject
Project("{2150E333-8FDC-42A3-9474-1A3956D46DE8}") = "WPF", "WPF", "{83D26E89-023C-44AF-AC44-4049F5926147}"
EndProject
Project("{FAE04EC0-301F-11D3-BF4B-00C04F79EFBC}") = "WpfStyle", "WpfStyle\WpfStyle.csproj", "{8DD1B58C-1BA6-4B6A-BBCC-575F83C92115}"
EndProject
Project("{FAE04EC0-301F-11D3-BF4B-00C04F79EFBC}") = "WindowRelation", "WindowRelation\WindowRelation.csproj", "{4CBC2517-81EE-4709-A4D0-C70F9FBFA2E6}"
EndProject
Project("{FAE04EC0-301F-11D3-BF4B-00C04F79EFBC}") = "Employees", "Employees\Employees.csproj", "{801348A4-B2D1-4A50-9D02-42D6E08176B4}"
EndProject
Global
	GlobalSection(SolutionConfigurationPlatforms) = preSolution
		Debug|Any CPU = Debug|Any CPU
		Release|Any CPU = Release|Any CPU
	EndGlobalSection
	GlobalSection(ProjectConfigurationPlatforms) = postSolution
		{ECBA4BFE-D4D1-44D9-AD09-438E445D14D4}.Debug|Any CPU.ActiveCfg = Debug|Any CPU
		{ECBA4BFE-D4D1-44D9-AD09-438E445D14D4}.Debug|Any CPU.Build.0 = Debug|Any CPU
		{ECBA4BFE-D4D1-44D9-AD09-438E445D14D4}.Release|Any CPU.ActiveCfg = Release|Any CPU
		{ECBA4BFE-D4D1-44D9-AD09-438E445D14D4}.Release|Any CPU.Build.0 = Release|Any CPU
		{88D845EE-3A32-4FD9-A5D6-F3A39F06584A}.Debug|Any CPU.ActiveCfg = Debug|Any CPU
		{88D845EE-3A32-4FD9-A5D6-F3A39F06584A}.Debug|Any CPU.Build.0 = Debug|Any CPU
		{88D845EE-3A32-4FD9-A5D6-F3A39F06584A}.Release|Any CPU.ActiveCfg = Release|Any CPU
		{88D845EE-3A32-4FD9-A5D6-F3A39F06584A}.Release|Any CPU.Build.0 = Release|Any CPU
		{69DFEAA6-3DE9-4B6E-80C6-6990F441B405}.Debug|Any CPU.ActiveCfg = Debug|Any CPU
		{69DFEAA6-3DE9-4B6E-80C6-6990F441B405}.Debug|Any CPU.Build.0 = Debug|Any CPU
		{69DFEAA6-3DE9-4B6E-80C6-6990F441B405}.Release|Any CPU.ActiveCfg = Release|Any CPU
		{69DFEAA6-3DE9-4B6E-80C6-6990F441B405}.Release|Any CPU.Build.0 = Release|Any CPU
		{EA45B3D7-D741-481D-8A43-1B61BAB509A8}.Debug|Any CPU.ActiveCfg = Debug|Any CPU
		{EA45B3D7-D741-481D-8A43-1B61BAB509A8}.Debug|Any CPU.Build.0 = Debug|Any CPU
		{EA45B3D7-D741-481D-8A43-1B61BAB509A8}.Release|Any CPU.ActiveCfg = Release|Any CPU
		{EA45B3D7-D741-481D-8A43-1B61BAB509A8}.Release|Any CPU.Build.0 = Release|Any CPU
		{A105F105-5615-4370-99FA-E66E8DFC35D6}.Debug|Any CPU.ActiveCfg = Debug|Any CPU
		{A105F105-5615-4370-99FA-E66E8DFC35D6}.Debug|Any CPU.Build.0 = Debug|Any CPU
		{A105F105-5615-4370-99FA-E66E8DFC35D6}.Release|Any CPU.ActiveCfg = Release|Any CPU
		{A105F105-5615-4370-99FA-E66E8DFC35D6}.Release|Any CPU.Build.0 = Release|Any CPU
		{32D708E6-3D41-4C4A-9BC5-507C19E48D25}.Debug|Any CPU.ActiveCfg = Debug|Any CPU
		{32D708E6-3D41-4C4A-9BC5-507C19E48D25}.Debug|Any CPU.Build.0 = Debug|Any CPU
		{32D708E6-3D41-4C4A-9BC5-507C19E48D25}.Release|Any CPU.ActiveCfg = Release|Any CPU
		{32D708E6-3D41-4C4A-9BC5-507C19E48D25}.Release|Any CPU.Build.0 = Release|Any CPU
		{8DD1B58C-1BA6-4B6A-BBCC-575F83C92115}.Debug|Any CPU.ActiveCfg = Debug|Any CPU
		{8DD1B58C-1BA6-4B6A-BBCC-575F83C92115}.Debug|Any CPU.Build.0 = Debug|Any CPU
		{8DD1B58C-1BA6-4B6A-BBCC-575F83C92115}.Release|Any CPU.ActiveCfg = Release|Any CPU
		{8DD1B58C-1BA6-4B6A-BBCC-575F83C92115}.Release|Any CPU.Build.0 = Release|Any CPU
		{4CBC2517-81EE-4709-A4D0-C70F9FBFA2E6}.Debug|Any CPU.ActiveCfg = Debug|Any CPU
		{4CBC2517-81EE-4709-A4D0-C70F9FBFA2E6}.Debug|Any CPU.Build.0 = Debug|Any CPU
		{4CBC2517-81EE-4709-A4D0-C70F9FBFA2E6}.Release|Any CPU.ActiveCfg = Release|Any CPU
		{4CBC2517-81EE-4709-A4D0-C70F9FBFA2E6}.Release|Any CPU.Build.0 = Release|Any CPU
		{801348A4-B2D1-4A50-9D02-42D6E08176B4}.Debug|Any CPU.ActiveCfg = Debug|Any CPU
		{801348A4-B2D1-4A50-9D02-42D6E08176B4}.Debug|Any CPU.Build.0 = Debug|Any CPU
		{801348A4-B2D1-4A50-9D02-42D6E08176B4}.Release|Any CPU.ActiveCfg = Release|Any CPU
		{801348A4-B2D1-4A50-9D02-42D6E08176B4}.Release|Any CPU.Build.0 = Release|Any CPU
	EndGlobalSection
	GlobalSection(SolutionProperties) = preSolution
		HideSolutionNode = FALSE
	EndGlobalSection
	GlobalSection(NestedProjects) = preSolution
		{88D845EE-3A32-4FD9-A5D6-F3A39F06584A} = {2D6D5EFD-E6A9-4367-BA58-F9FA15DCCF64}
		{69DFEAA6-3DE9-4B6E-80C6-6990F441B405} = {2D6D5EFD-E6A9-4367-BA58-F9FA15DCCF64}
		{EA45B3D7-D741-481D-8A43-1B61BAB509A8} = {2D6D5EFD-E6A9-4367-BA58-F9FA15DCCF64}
		{A105F105-5615-4370-99FA-E66E8DFC35D6} = {2D6D5EFD-E6A9-4367-BA58-F9FA15DCCF64}
		{32D708E6-3D41-4C4A-9BC5-507C19E48D25} = {83D26E89-023C-44AF-AC44-4049F5926147}
		{83D26E89-023C-44AF-AC44-4049F5926147} = {2D6D5EFD-E6A9-4367-BA58-F9FA15DCCF64}
		{8DD1B58C-1BA6-4B6A-BBCC-575F83C92115} = {83D26E89-023C-44AF-AC44-4049F5926147}
		{4CBC2517-81EE-4709-A4D0-C70F9FBFA2E6} = {83D26E89-023C-44AF-AC44-4049F5926147}
	EndGlobalSection
	GlobalSection(ExtensibilityGlobals) = postSolution
		SolutionGuid = {DEB6AF3B-AC68-49D7-B55E-A7A3A4262A8B}
	EndGlobalSection
EndGlobal
