
Microsoft Visual Studio Solution File, Format Version 12.00
# Visual Studio Version 16
VisualStudioVersion = 16.0.29806.167
MinimumVisualStudioVersion = 10.0.40219.1
Project("{FAE04EC0-301F-11D3-BF4B-00C04F79EFBC}") = "AsteroidGame", "AsteroidGame\AsteroidGame.csproj", "{ECBA4BFE-D4D1-44D9-AD09-438E445D14D4}"
EndProject
Project("{2150E333-8FDC-42A3-9474-1A3956D46DE8}") = "Tests", "Tests", "{2D6D5EFD-E6A9-4367-BA58-F9FA15DCCF64}"
EndProject
Project("{FAE04EC0-301F-11D3-BF4B-00C04F79EFBC}") = "TestConsole", "TestConsole\TestConsole.csproj", "{88D845EE-3A32-4FD9-A5D6-F3A39F06584A}"
EndProject
Project("{FAE04EC0-301F-11D3-BF4B-00C04F79EFBC}") = "Workers", "Workers\Workers.csproj", "{69DFEAA6-3DE9-4B6E-80C6-6990F441B405}"
EndProject
Global
	GlobalSection(SolutionConfigurationPlatforms) = preSolution
		Debug|Any CPU = Debug|Any CPU
		Release|Any CPU = Release|Any CPU
	EndGlobalSection
	GlobalSection(ProjectConfigurationPlatforms) = postSolution
		{ECBA4BFE-D4D1-44D9-AD09-438E445D14D4}.Debug|Any CPU.ActiveCfg = Debug|Any CPU
		{ECBA4BFE-D4D1-44D9-AD09-438E445D14D4}.Debug|Any CPU.Build.0 = Debug|Any CPU
		{ECBA4BFE-D4D1-44D9-AD09-438E445D14D4}.Release|Any CPU.ActiveCfg = Release|Any CPU
		{ECBA4BFE-D4D1-44D9-AD09-438E445D14D4}.Release|Any CPU.Build.0 = Release|Any CPU
		{88D845EE-3A32-4FD9-A5D6-F3A39F06584A}.Debug|Any CPU.ActiveCfg = Debug|Any CPU
		{88D845EE-3A32-4FD9-A5D6-F3A39F06584A}.Debug|Any CPU.Build.0 = Debug|Any CPU
		{88D845EE-3A32-4FD9-A5D6-F3A39F06584A}.Release|Any CPU.ActiveCfg = Release|Any CPU
		{88D845EE-3A32-4FD9-A5D6-F3A39F06584A}.Release|Any CPU.Build.0 = Release|Any CPU
		{69DFEAA6-3DE9-4B6E-80C6-6990F441B405}.Debug|Any CPU.ActiveCfg = Debug|Any CPU
		{69DFEAA6-3DE9-4B6E-80C6-6990F441B405}.Debug|Any CPU.Build.0 = Debug|Any CPU
		{69DFEAA6-3DE9-4B6E-80C6-6990F441B405}.Release|Any CPU.ActiveCfg = Release|Any CPU
		{69DFEAA6-3DE9-4B6E-80C6-6990F441B405}.Release|Any CPU.Build.0 = Release|Any CPU
	EndGlobalSection
	GlobalSection(SolutionProperties) = preSolution
		HideSolutionNode = FALSE
	EndGlobalSection
	GlobalSection(NestedProjects) = preSolution
		{88D845EE-3A32-4FD9-A5D6-F3A39F06584A} = {2D6D5EFD-E6A9-4367-BA58-F9FA15DCCF64}
	EndGlobalSection
	GlobalSection(ExtensibilityGlobals) = postSolution
		SolutionGuid = {DEB6AF3B-AC68-49D7-B55E-A7A3A4262A8B}
	EndGlobalSection
EndGlobal
